
Microsoft Visual Studio Solution File, Format Version 12.00
# Visual Studio 15
VisualStudioVersion = 15.0.28307.421
MinimumVisualStudioVersion = 10.0.40219.1
Project("{9A19103F-16F7-4668-BE54-9A1E7A4F7556}") = "P01_HospitalDatabase", "P01_HospitalDatabase\P01_HospitalDatabase.csproj", "{FB9125C6-12AC-4EA4-963E-89FD1C01B35C}"
EndProject
Project("{FAE04EC0-301F-11D3-BF4B-00C04F79EFBC}") = "P03_SalesDatabase", "P03_SalesDatabase\P03_SalesDatabase.csproj", "{4ACA10A8-3F02-440A-951B-5FA708C865D1}"
EndProject
Global
	GlobalSection(SolutionConfigurationPlatforms) = preSolution
		Debug|Any CPU = Debug|Any CPU
		Release|Any CPU = Release|Any CPU
	EndGlobalSection
	GlobalSection(ProjectConfigurationPlatforms) = postSolution
		{FB9125C6-12AC-4EA4-963E-89FD1C01B35C}.Debug|Any CPU.ActiveCfg = Debug|Any CPU
		{FB9125C6-12AC-4EA4-963E-89FD1C01B35C}.Debug|Any CPU.Build.0 = Debug|Any CPU
		{FB9125C6-12AC-4EA4-963E-89FD1C01B35C}.Release|Any CPU.ActiveCfg = Release|Any CPU
		{FB9125C6-12AC-4EA4-963E-89FD1C01B35C}.Release|Any CPU.Build.0 = Release|Any CPU
		{4ACA10A8-3F02-440A-951B-5FA708C865D1}.Debug|Any CPU.ActiveCfg = Debug|Any CPU
		{4ACA10A8-3F02-440A-951B-5FA708C865D1}.Debug|Any CPU.Build.0 = Debug|Any CPU
		{4ACA10A8-3F02-440A-951B-5FA708C865D1}.Release|Any CPU.ActiveCfg = Release|Any CPU
		{4ACA10A8-3F02-440A-951B-5FA708C865D1}.Release|Any CPU.Build.0 = Release|Any CPU
	EndGlobalSection
	GlobalSection(SolutionProperties) = preSolution
		HideSolutionNode = FALSE
	EndGlobalSection
	GlobalSection(ExtensibilityGlobals) = postSolution
		SolutionGuid = {DCFEB411-2913-4947-A1A2-A276024A0ED7}
	EndGlobalSection
EndGlobal
