
Microsoft Visual Studio Solution File, Format Version 12.00
# Visual Studio 15
VisualStudioVersion = 15.0.28307.421
MinimumVisualStudioVersion = 10.0.40219.1
Project("{FAE04EC0-301F-11D3-BF4B-00C04F79EFBC}") = "BillsPaymentSystem.App", "BillsPaymentSystem.App\BillsPaymentSystem.App.csproj", "{5182120B-028B-4E85-BC2A-F984E5957B7A}"
EndProject
Project("{FAE04EC0-301F-11D3-BF4B-00C04F79EFBC}") = "BillsPaymentSystem.Data", "BillsPaymentSystem.Data\BillsPaymentSystem.Data.csproj", "{BB44B6B9-8BEB-4179-9F1A-3AF242AA643E}"
EndProject
Project("{FAE04EC0-301F-11D3-BF4B-00C04F79EFBC}") = "BillsPaymentSystem.Models", "BillsPaymentSystem.Models\BillsPaymentSystem.Models.csproj", "{92BBC6D5-D2EE-480C-B557-0D8491531748}"
EndProject
Global
	GlobalSection(SolutionConfigurationPlatforms) = preSolution
		Debug|Any CPU = Debug|Any CPU
		Release|Any CPU = Release|Any CPU
	EndGlobalSection
	GlobalSection(ProjectConfigurationPlatforms) = postSolution
		{5182120B-028B-4E85-BC2A-F984E5957B7A}.Debug|Any CPU.ActiveCfg = Debug|Any CPU
		{5182120B-028B-4E85-BC2A-F984E5957B7A}.Debug|Any CPU.Build.0 = Debug|Any CPU
		{5182120B-028B-4E85-BC2A-F984E5957B7A}.Release|Any CPU.ActiveCfg = Release|Any CPU
		{5182120B-028B-4E85-BC2A-F984E5957B7A}.Release|Any CPU.Build.0 = Release|Any CPU
		{BB44B6B9-8BEB-4179-9F1A-3AF242AA643E}.Debug|Any CPU.ActiveCfg = Debug|Any CPU
		{BB44B6B9-8BEB-4179-9F1A-3AF242AA643E}.Debug|Any CPU.Build.0 = Debug|Any CPU
		{BB44B6B9-8BEB-4179-9F1A-3AF242AA643E}.Release|Any CPU.ActiveCfg = Release|Any CPU
		{BB44B6B9-8BEB-4179-9F1A-3AF242AA643E}.Release|Any CPU.Build.0 = Release|Any CPU
		{92BBC6D5-D2EE-480C-B557-0D8491531748}.Debug|Any CPU.ActiveCfg = Debug|Any CPU
		{92BBC6D5-D2EE-480C-B557-0D8491531748}.Debug|Any CPU.Build.0 = Debug|Any CPU
		{92BBC6D5-D2EE-480C-B557-0D8491531748}.Release|Any CPU.ActiveCfg = Release|Any CPU
		{92BBC6D5-D2EE-480C-B557-0D8491531748}.Release|Any CPU.Build.0 = Release|Any CPU
	EndGlobalSection
	GlobalSection(SolutionProperties) = preSolution
		HideSolutionNode = FALSE
	EndGlobalSection
	GlobalSection(ExtensibilityGlobals) = postSolution
		SolutionGuid = {D6622133-A656-4A6F-AAF3-A53C909D8CC6}
	EndGlobalSection
EndGlobal
